
Microsoft Visual Studio Solution File, Format Version 12.00
# Visual Studio Version 17
VisualStudioVersion = 17.0.32112.339
MinimumVisualStudioVersion = 10.0.40219.1
Project("{8BC9CEB8-8B4A-11D0-8D11-00A0C91BC942}") = "Il2CppRuntimeDumper", "Il2CppRuntimeDumper.vcxproj", "{6EC7AAB4-3A7C-4B4D-8A28-B76DF471A95F}"
EndProject
Global
	GlobalSection(SolutionConfigurationPlatforms) = preSolution
		Debug|x64 = Debug|x64
		Debug|x86 = Debug|x86
		Release|x64 = Release|x64
		Release|x86 = Release|x86
	EndGlobalSection
	GlobalSection(ProjectConfigurationPlatforms) = postSolution
		{6EC7AAB4-3A7C-4B4D-8A28-B76DF471A95F}.Debug|x64.ActiveCfg = Debug|x64
		{6EC7AAB4-3A7C-4B4D-8A28-B76DF471A95F}.Debug|x64.Build.0 = Debug|x64
		{6EC7AAB4-3A7C-4B4D-8A28-B76DF471A95F}.Debug|x86.ActiveCfg = Debug|Win32
		{6EC7AAB4-3A7C-4B4D-8A28-B76DF471A95F}.Debug|x86.Build.0 = Debug|Win32
		{6EC7AAB4-3A7C-4B4D-8A28-B76DF471A95F}.Release|x64.ActiveCfg = Release|x64
		{6EC7AAB4-3A7C-4B4D-8A28-B76DF471A95F}.Release|x64.Build.0 = Release|x64
		{6EC7AAB4-3A7C-4B4D-8A28-B76DF471A95F}.Release|x86.ActiveCfg = Release|Win32
		{6EC7AAB4-3A7C-4B4D-8A28-B76DF471A95F}.Release|x86.Build.0 = Release|Win32
	EndGlobalSection
	GlobalSection(SolutionProperties) = preSolution
		HideSolutionNode = FALSE
	EndGlobalSection
	GlobalSection(ExtensibilityGlobals) = postSolution
		SolutionGuid = {8915D858-4EA5-461E-8A19-148614D2D6FA}
	EndGlobalSection
EndGlobal
